# This file is automatically @generated by Cargo.
# It is not intended for manual editing.
version = 4

[[package]]
name = "qorch-adapters"
version = "0.1.0"
dependencies = [
 "qorch-application",
 "qorch-domain",
]

[[package]]
name = "qorch-application"
version = "0.1.0"
dependencies = [
 "qorch-domain",
]

[[package]]
name = "qorch-domain"
version = "0.1.0"

[[package]]
name = "qorch-workers"
version = "0.1.0"
dependencies = [
 "qorch-adapters",
 "qorch-application",
 "qorch-domain",
]
